
Microsoft Visual Studio Solution File, Format Version 12.00
# Visual Studio Version 17
VisualStudioVersion = 17.1.32328.378
MinimumVisualStudioVersion = 10.0.40219.1
Project("{9A19103F-16F7-4668-BE54-9A1E7A4F7556}") = "GPLX.Web", "GPLX.Web\GPLX.Web.csproj", "{2112319F-E1C9-48BE-829B-274CD8827F33}"
EndProject
Project("{9A19103F-16F7-4668-BE54-9A1E7A4F7556}") = "GPLX.Database", "GPLX.Database\GPLX.Database.csproj", "{81CD17C2-3102-4402-8547-256E998297F1}"
EndProject
Project("{9A19103F-16F7-4668-BE54-9A1E7A4F7556}") = "GPLX.Infrastructure", "GPLX.Infrastructure\GPLX.Infrastructure.csproj", "{117B1128-8131-4DEA-BF8E-EB6A481F1974}"
EndProject
Project("{9A19103F-16F7-4668-BE54-9A1E7A4F7556}") = "GPLX.Core", "GPLX.Core\GPLX.Core.csproj", "{E0F21797-2BD2-4ED9-9C68-814F815618BA}"
EndProject
Project("{9A19103F-16F7-4668-BE54-9A1E7A4F7556}") = "GPLX.Permissions", "GPLX.Permissions\GPLX.Permissions.csproj", "{8AEFE04A-DD8D-42B2-9C86-F85E88B751A2}"
EndProject
Global
	GlobalSection(SolutionConfigurationPlatforms) = preSolution
		Debug|Any CPU = Debug|Any CPU
		Release|Any CPU = Release|Any CPU
	EndGlobalSection
	GlobalSection(ProjectConfigurationPlatforms) = postSolution
		{2112319F-E1C9-48BE-829B-274CD8827F33}.Debug|Any CPU.ActiveCfg = Debug|Any CPU
		{2112319F-E1C9-48BE-829B-274CD8827F33}.Debug|Any CPU.Build.0 = Debug|Any CPU
		{2112319F-E1C9-48BE-829B-274CD8827F33}.Release|Any CPU.ActiveCfg = Release|Any CPU
		{2112319F-E1C9-48BE-829B-274CD8827F33}.Release|Any CPU.Build.0 = Release|Any CPU
		{81CD17C2-3102-4402-8547-256E998297F1}.Debug|Any CPU.ActiveCfg = Debug|Any CPU
		{81CD17C2-3102-4402-8547-256E998297F1}.Debug|Any CPU.Build.0 = Debug|Any CPU
		{81CD17C2-3102-4402-8547-256E998297F1}.Release|Any CPU.ActiveCfg = Release|Any CPU
		{81CD17C2-3102-4402-8547-256E998297F1}.Release|Any CPU.Build.0 = Release|Any CPU
		{117B1128-8131-4DEA-BF8E-EB6A481F1974}.Debug|Any CPU.ActiveCfg = Debug|Any CPU
		{117B1128-8131-4DEA-BF8E-EB6A481F1974}.Debug|Any CPU.Build.0 = Debug|Any CPU
		{117B1128-8131-4DEA-BF8E-EB6A481F1974}.Release|Any CPU.ActiveCfg = Release|Any CPU
		{117B1128-8131-4DEA-BF8E-EB6A481F1974}.Release|Any CPU.Build.0 = Release|Any CPU
		{E0F21797-2BD2-4ED9-9C68-814F815618BA}.Debug|Any CPU.ActiveCfg = Debug|Any CPU
		{E0F21797-2BD2-4ED9-9C68-814F815618BA}.Debug|Any CPU.Build.0 = Debug|Any CPU
		{E0F21797-2BD2-4ED9-9C68-814F815618BA}.Release|Any CPU.ActiveCfg = Release|Any CPU
		{E0F21797-2BD2-4ED9-9C68-814F815618BA}.Release|Any CPU.Build.0 = Release|Any CPU
		{8AEFE04A-DD8D-42B2-9C86-F85E88B751A2}.Debug|Any CPU.ActiveCfg = Debug|Any CPU
		{8AEFE04A-DD8D-42B2-9C86-F85E88B751A2}.Debug|Any CPU.Build.0 = Debug|Any CPU
		{8AEFE04A-DD8D-42B2-9C86-F85E88B751A2}.Release|Any CPU.ActiveCfg = Release|Any CPU
		{8AEFE04A-DD8D-42B2-9C86-F85E88B751A2}.Release|Any CPU.Build.0 = Release|Any CPU
	EndGlobalSection
	GlobalSection(SolutionProperties) = preSolution
		HideSolutionNode = FALSE
	EndGlobalSection
	GlobalSection(ExtensibilityGlobals) = postSolution
		SolutionGuid = {844A778B-470C-441C-8CB9-4F420BE23422}
	EndGlobalSection
EndGlobal
